
Microsoft Visual Studio Solution File, Format Version 12.00
# Visual Studio Version 16
VisualStudioVersion = 16.0.810.17
MinimumVisualStudioVersion = 10.0.40219.1
Project("{FAE04EC0-301F-11D3-BF4B-00C04F79EFBC}") = "Homeworks", "Homeworks\Homeworks.csproj", "{8E2FDDEE-0B38-492C-83C9-AE191EFEE071}"
EndProject
Global
	GlobalSection(SolutionConfigurationPlatforms) = preSolution
		Debug|Any CPU = Debug|Any CPU
		Release|Any CPU = Release|Any CPU
	EndGlobalSection
	GlobalSection(ProjectConfigurationPlatforms) = postSolution
		{8E2FDDEE-0B38-492C-83C9-AE191EFEE071}.Debug|Any CPU.ActiveCfg = Debug|Any CPU
		{8E2FDDEE-0B38-492C-83C9-AE191EFEE071}.Debug|Any CPU.Build.0 = Debug|Any CPU
		{8E2FDDEE-0B38-492C-83C9-AE191EFEE071}.Release|Any CPU.ActiveCfg = Release|Any CPU
		{8E2FDDEE-0B38-492C-83C9-AE191EFEE071}.Release|Any CPU.Build.0 = Release|Any CPU
	EndGlobalSection
	GlobalSection(SolutionProperties) = preSolution
		HideSolutionNode = FALSE
	EndGlobalSection
	GlobalSection(ExtensibilityGlobals) = postSolution
		SolutionGuid = {419F5937-A4C7-402D-856B-4CDA2C89D82C}
	EndGlobalSection
EndGlobal
